
Microsoft Visual Studio Solution File, Format Version 12.00
# Visual Studio Version 17
VisualStudioVersion = 17.11.35222.181
MinimumVisualStudioVersion = 10.0.40219.1
Project("{FAE04EC0-301F-11D3-BF4B-00C04F79EFBC}") = "WDD_A05", "WDD_A05.csproj", "{39C4486F-A0C9-41B2-83F0-E24498B1A850}"
EndProject
Global
	GlobalSection(SolutionConfigurationPlatforms) = preSolution
		Debug|Any CPU = Debug|Any CPU
		Release|Any CPU = Release|Any CPU
	EndGlobalSection
	GlobalSection(ProjectConfigurationPlatforms) = postSolution
		{39C4486F-A0C9-41B2-83F0-E24498B1A850}.Debug|Any CPU.ActiveCfg = Debug|Any CPU
		{39C4486F-A0C9-41B2-83F0-E24498B1A850}.Debug|Any CPU.Build.0 = Debug|Any CPU
		{39C4486F-A0C9-41B2-83F0-E24498B1A850}.Release|Any CPU.ActiveCfg = Release|Any CPU
		{39C4486F-A0C9-41B2-83F0-E24498B1A850}.Release|Any CPU.Build.0 = Release|Any CPU
	EndGlobalSection
	GlobalSection(SolutionProperties) = preSolution
		HideSolutionNode = FALSE
	EndGlobalSection
	GlobalSection(ExtensibilityGlobals) = postSolution
		SolutionGuid = {1E11FFBC-89AC-4326-B366-A045F32FB356}
	EndGlobalSection
EndGlobal
